<?xml version="1.0" encoding="utf-8"?>
<Project ToolsVersion="4.0" xmlns="http://schemas.microsoft.com/developer/msbuild/2003">
  <ItemGroup>
    <ClCompile Include="Main.cpp" />
    <ClCompile Include="Game.cpp" />
    <ClCompile Include="project\Core\Camera.cpp" />
    <ClCompile Include="project\Core\GameObject.cpp" />
    <ClCompile Include="project\Entities\Player.cpp" />
    <ClCompile Include="project\Entities\Skelet.cpp" />
    <ClCompile Include="project\Resources\ManagerGame.cpp" />
    <ClCompile Include="project\Systems\Animation.cpp" />
    <ClCompile Include="project\Systems\CollisionSystem.cpp" />
    <ClCompile Include="project\Utils\MathUtils.cpp" />
    <ClCompile Include="project\Utils\TextureLoader.cpp" />
  </ItemGroup>
  <ItemGroup>
    <ClInclude Include="Game.h" />
    <ClInclude Include="project\Entities\Player.h" />
    <ClInclude Include="project\Core\GameObject.h" />
    <ClInclude Include="project\Components\AnimationComponent.h" />
    <ClInclude Include="project\Components\ColliderComponent.h" />
    <ClInclude Include="project\Components\MovementComponent.h" />
    <ClInclude Include="project\Components\PhysicsComponent.h" />
    <ClInclude Include="project\Components\RenderComponent.h" />
    <ClInclude Include="project\Components\StateComponent.h" />
    <ClInclude Include="project\Components\TransformComponent.h" />
    <ClInclude Include="project\Core\Camera.h" />
    <ClInclude Include="project\Core\Component.h" />
    <ClInclude Include="project\Entities\Skelet.h" />
    <ClInclude Include="project\Resources\ManagerGame.h" />
    <ClInclude Include="project\Systems\Animation.h" />
    <ClInclude Include="project\Systems\CollisionSystem.h" />
    <ClInclude Include="project\Systems\MovementSystem.h" />
    <ClInclude Include="project\Utils\MathUtils.h" />
    <ClInclude Include="project\Utils\TextureLoader.h" />
  </ItemGroup>
</Project>